// !$*UTF8*$!
{
	archiveVersion = 1;
	classes = {
	};
	objectVersion = 46;
	objects = {

/* Begin PBXBuildFile section */
		4A0C60131A09C5E400B31139 /* ProfileViewController.m in Sources */ = {isa = PBXBuildFile; fileRef = 4A0C60111A09C5E400B31139 /* ProfileViewController.m */; };
		4A0C60141A09C5E400B31139 /* ProfileViewController.xib in Resources */ = {isa = PBXBuildFile; fileRef = 4A0C60121A09C5E400B31139 /* ProfileViewController.xib */; };
		4A49E2131A0466050098AF06 /* ComposerViewController.m in Sources */ = {isa = PBXBuildFile; fileRef = 4A49E2111A0466050098AF06 /* ComposerViewController.m */; };
		4A49E2141A0466050098AF06 /* ComposerViewController.xib in Resources */ = {isa = PBXBuildFile; fileRef = 4A49E2121A0466050098AF06 /* ComposerViewController.xib */; };
		4A49E2181A0946FC0098AF06 /* PersonViewController.m in Sources */ = {isa = PBXBuildFile; fileRef = 4A49E2161A0946FC0098AF06 /* PersonViewController.m */; };
		4A49E2191A0946FC0098AF06 /* PersonViewController.xib in Resources */ = {isa = PBXBuildFile; fileRef = 4A49E2171A0946FC0098AF06 /* PersonViewController.xib */; };
		4A562C091A0AF73500BD4B0A /* NavigationViewController.m in Sources */ = {isa = PBXBuildFile; fileRef = 4A562C071A0AF73500BD4B0A /* NavigationViewController.m */; };
		4A562C0A1A0AF73500BD4B0A /* NavigationViewController.xib in Resources */ = {isa = PBXBuildFile; fileRef = 4A562C081A0AF73500BD4B0A /* NavigationViewController.xib */; };
		4A562C0C1A0C5A3400BD4B0A /* home.png in Resources */ = {isa = PBXBuildFile; fileRef = 4A562C0B1A0C5A3400BD4B0A /* home.png */; };
		4A562C131A0C5A4100BD4B0A /* profile_hover.png in Resources */ = {isa = PBXBuildFile; fileRef = 4A562C0D1A0C5A4100BD4B0A /* profile_hover.png */; };
		4A562C141A0C5A4100BD4B0A /* profile.png in Resources */ = {isa = PBXBuildFile; fileRef = 4A562C0E1A0C5A4100BD4B0A /* profile.png */; };
		4A562C171A0C5A4100BD4B0A /* tweet_hover.png in Resources */ = {isa = PBXBuildFile; fileRef = 4A562C111A0C5A4100BD4B0A /* tweet_hover.png */; };
		4A562C181A0C5A4100BD4B0A /* tweet.png in Resources */ = {isa = PBXBuildFile; fileRef = 4A562C121A0C5A4100BD4B0A /* tweet.png */; };
		4A562C1E1A0D333D00BD4B0A /* NavigationViewCell.m in Sources */ = {isa = PBXBuildFile; fileRef = 4A562C1C1A0D333D00BD4B0A /* NavigationViewCell.m */; };
		4A562C1F1A0D333D00BD4B0A /* NavigationViewCell.xib in Resources */ = {isa = PBXBuildFile; fileRef = 4A562C1D1A0D333D00BD4B0A /* NavigationViewCell.xib */; };
		4A562C211A0D36D200BD4B0A /* mentions.png in Resources */ = {isa = PBXBuildFile; fileRef = 4A562C201A0D36D200BD4B0A /* mentions.png */; };
		4A5BF8A919FFF4C40049AD9F /* main.m in Sources */ = {isa = PBXBuildFile; fileRef = 4A5BF8A819FFF4C40049AD9F /* main.m */; };
		4A5BF8AC19FFF4C40049AD9F /* AppDelegate.m in Sources */ = {isa = PBXBuildFile; fileRef = 4A5BF8AB19FFF4C40049AD9F /* AppDelegate.m */; };
		4A5BF8B419FFF4C40049AD9F /* Images.xcassets in Resources */ = {isa = PBXBuildFile; fileRef = 4A5BF8B319FFF4C40049AD9F /* Images.xcassets */; };
		4A5BF8B719FFF4C40049AD9F /* LaunchScreen.xib in Resources */ = {isa = PBXBuildFile; fileRef = 4A5BF8B519FFF4C40049AD9F /* LaunchScreen.xib */; };
		4A5BF8C319FFF4C40049AD9F /* TwitterTests.m in Sources */ = {isa = PBXBuildFile; fileRef = 4A5BF8C219FFF4C40049AD9F /* TwitterTests.m */; };
		4A5BF8CF19FFF7220049AD9F /* LoginViewController.m in Sources */ = {isa = PBXBuildFile; fileRef = 4A5BF8CD19FFF7220049AD9F /* LoginViewController.m */; };
		4A5BF8D019FFF7220049AD9F /* LoginViewController.xib in Resources */ = {isa = PBXBuildFile; fileRef = 4A5BF8CE19FFF7220049AD9F /* LoginViewController.xib */; };
		4A5BF8D319FFF8380049AD9F /* TwitterClient.m in Sources */ = {isa = PBXBuildFile; fileRef = 4A5BF8D219FFF8380049AD9F /* TwitterClient.m */; };
		4A5BF8DA1A0012CE0049AD9F /* Story.m in Sources */ = {isa = PBXBuildFile; fileRef = 4A5BF8D91A0012CE0049AD9F /* Story.m */; };
		4A5CDAFB1A03FE32009E88D2 /* favorite_hover.png in Resources */ = {isa = PBXBuildFile; fileRef = 4A5CDAF31A03FE32009E88D2 /* favorite_hover.png */; };
		4A5CDAFC1A03FE32009E88D2 /* favorite_on.png in Resources */ = {isa = PBXBuildFile; fileRef = 4A5CDAF41A03FE32009E88D2 /* favorite_on.png */; };
		4A5CDB001A03FE32009E88D2 /* retweet_hover.png in Resources */ = {isa = PBXBuildFile; fileRef = 4A5CDAF81A03FE32009E88D2 /* retweet_hover.png */; };
		4A5CDB011A03FE32009E88D2 /* retweet_on.png in Resources */ = {isa = PBXBuildFile; fileRef = 4A5CDAF91A03FE32009E88D2 /* retweet_on.png */; };
		4A5CDB021A03FE32009E88D2 /* retweet.png in Resources */ = {isa = PBXBuildFile; fileRef = 4A5CDAFA1A03FE32009E88D2 /* retweet.png */; };
		4A5CDB071A040D22009E88D2 /* StoryViewController.m in Sources */ = {isa = PBXBuildFile; fileRef = 4A5CDB051A040D22009E88D2 /* StoryViewController.m */; };
		4A5CDB081A040D22009E88D2 /* StoryViewController.xib in Resources */ = {isa = PBXBuildFile; fileRef = 4A5CDB061A040D22009E88D2 /* StoryViewController.xib */; };
		4AD5E8211A01B53600CE7F35 /* Person.m in Sources */ = {isa = PBXBuildFile; fileRef = 4AD5E8201A01B53600CE7F35 /* Person.m */; };
		4AD5E8281A02EE3F00CE7F35 /* HomeViewController.m in Sources */ = {isa = PBXBuildFile; fileRef = 4AD5E8261A02EE3F00CE7F35 /* HomeViewController.m */; };
		4AD5E8291A02EE3F00CE7F35 /* HomeViewController.xib in Resources */ = {isa = PBXBuildFile; fileRef = 4AD5E8271A02EE3F00CE7F35 /* HomeViewController.xib */; };
		4AD5E82D1A02FE1F00CE7F35 /* StoryCell.m in Sources */ = {isa = PBXBuildFile; fileRef = 4AD5E82B1A02FE1F00CE7F35 /* StoryCell.m */; };
		4AD5E82E1A02FE1F00CE7F35 /* StoryCell.xib in Resources */ = {isa = PBXBuildFile; fileRef = 4AD5E82C1A02FE1F00CE7F35 /* StoryCell.xib */; };
		4AFAE9461A10A8ED00F6AFDA /* reply_hover.png in Resources */ = {isa = PBXBuildFile; fileRef = 4AFAE9441A10A8ED00F6AFDA /* reply_hover.png */; };
		4AFAE9471A10A8ED00F6AFDA /* reply.png in Resources */ = {isa = PBXBuildFile; fileRef = 4AFAE9451A10A8ED00F6AFDA /* reply.png */; };
		B2DA0AC56516A7FDEA55E0ED /* libPods.a in Frameworks */ = {isa = PBXBuildFile; fileRef = FDF314B46309CEDDF834F666 /* libPods.a */; };
/* End PBXBuildFile section */

/* Begin PBXContainerItemProxy section */
		4A5BF8BD19FFF4C40049AD9F /* PBXContainerItemProxy */ = {
			isa = PBXContainerItemProxy;
			containerPortal = 4A5BF89B19FFF4C40049AD9F /* Project object */;
			proxyType = 1;
			remoteGlobalIDString = 4A5BF8A219FFF4C40049AD9F;
			remoteInfo = Twitter;
		};
/* End PBXContainerItemProxy section */

/* Begin PBXFileReference section */
		4A0C60101A09C5E400B31139 /* ProfileViewController.h */ = {isa = PBXFileReference; fileEncoding = 4; lastKnownFileType = sourcecode.c.h; path = ProfileViewController.h; sourceTree = "<group>"; };
		4A0C60111A09C5E400B31139 /* ProfileViewController.m */ = {isa = PBXFileReference; fileEncoding = 4; lastKnownFileType = sourcecode.c.objc; path = ProfileViewController.m; sourceTree = "<group>"; };
		4A0C60121A09C5E400B31139 /* ProfileViewController.xib */ = {isa = PBXFileReference; fileEncoding = 4; lastKnownFileType = file.xib; path = ProfileViewController.xib; sourceTree = "<group>"; };
		4A49E2101A0466050098AF06 /* ComposerViewController.h */ = {isa = PBXFileReference; fileEncoding = 4; lastKnownFileType = sourcecode.c.h; path = ComposerViewController.h; sourceTree = "<group>"; };
		4A49E2111A0466050098AF06 /* ComposerViewController.m */ = {isa = PBXFileReference; fileEncoding = 4; lastKnownFileType = sourcecode.c.objc; path = ComposerViewController.m; sourceTree = "<group>"; };
		4A49E2121A0466050098AF06 /* ComposerViewController.xib */ = {isa = PBXFileReference; fileEncoding = 4; lastKnownFileType = file.xib; path = ComposerViewController.xib; sourceTree = "<group>"; };
		4A49E2151A0946FC0098AF06 /* PersonViewController.h */ = {isa = PBXFileReference; fileEncoding = 4; lastKnownFileType = sourcecode.c.h; path = PersonViewController.h; sourceTree = "<group>"; };
		4A49E2161A0946FC0098AF06 /* PersonViewController.m */ = {isa = PBXFileReference; fileEncoding = 4; lastKnownFileType = sourcecode.c.objc; path = PersonViewController.m; sourceTree = "<group>"; };
		4A49E2171A0946FC0098AF06 /* PersonViewController.xib */ = {isa = PBXFileReference; fileEncoding = 4; lastKnownFileType = file.xib; path = PersonViewController.xib; sourceTree = "<group>"; };
		4A562C061A0AF73500BD4B0A /* NavigationViewController.h */ = {isa = PBXFileReference; fileEncoding = 4; lastKnownFileType = sourcecode.c.h; path = NavigationViewController.h; sourceTree = "<group>"; };
		4A562C071A0AF73500BD4B0A /* NavigationViewController.m */ = {isa = PBXFileReference; fileEncoding = 4; lastKnownFileType = sourcecode.c.objc; path = NavigationViewController.m; sourceTree = "<group>"; };
		4A562C081A0AF73500BD4B0A /* NavigationViewController.xib */ = {isa = PBXFileReference; fileEncoding = 4; lastKnownFileType = file.xib; path = NavigationViewController.xib; sourceTree = "<group>"; };
		4A562C0B1A0C5A3400BD4B0A /* home.png */ = {isa = PBXFileReference; lastKnownFileType = image.png; path = home.png; sourceTree = "<group>"; };
		4A562C0D1A0C5A4100BD4B0A /* profile_hover.png */ = {isa = PBXFileReference; lastKnownFileType = image.png; path = profile_hover.png; sourceTree = "<group>"; };
		4A562C0E1A0C5A4100BD4B0A /* profile.png */ = {isa = PBXFileReference; lastKnownFileType = image.png; path = profile.png; sourceTree = "<group>"; };
		4A562C111A0C5A4100BD4B0A /* tweet_hover.png */ = {isa = PBXFileReference; lastKnownFileType = image.png; path = tweet_hover.png; sourceTree = "<group>"; };
		4A562C121A0C5A4100BD4B0A /* tweet.png */ = {isa = PBXFileReference; lastKnownFileType = image.png; path = tweet.png; sourceTree = "<group>"; };
		4A562C1B1A0D333D00BD4B0A /* NavigationViewCell.h */ = {isa = PBXFileReference; fileEncoding = 4; lastKnownFileType = sourcecode.c.h; path = NavigationViewCell.h; sourceTree = "<group>"; };
		4A562C1C1A0D333D00BD4B0A /* NavigationViewCell.m */ = {isa = PBXFileReference; fileEncoding = 4; lastKnownFileType = sourcecode.c.objc; path = NavigationViewCell.m; sourceTree = "<group>"; };
		4A562C1D1A0D333D00BD4B0A /* NavigationViewCell.xib */ = {isa = PBXFileReference; fileEncoding = 4; lastKnownFileType = file.xib; path = NavigationViewCell.xib; sourceTree = "<group>"; };
		4A562C201A0D36D200BD4B0A /* mentions.png */ = {isa = PBXFileReference; lastKnownFileType = image.png; path = mentions.png; sourceTree = "<group>"; };
		4A5BF8A319FFF4C40049AD9F /* Twitter.app */ = {isa = PBXFileReference; explicitFileType = wrapper.application; includeInIndex = 0; path = Twitter.app; sourceTree = BUILT_PRODUCTS_DIR; };
		4A5BF8A719FFF4C40049AD9F /* Info.plist */ = {isa = PBXFileReference; lastKnownFileType = text.plist.xml; path = Info.plist; sourceTree = "<group>"; };
		4A5BF8A819FFF4C40049AD9F /* main.m */ = {isa = PBXFileReference; lastKnownFileType = sourcecode.c.objc; path = main.m; sourceTree = "<group>"; };
		4A5BF8AA19FFF4C40049AD9F /* AppDelegate.h */ = {isa = PBXFileReference; lastKnownFileType = sourcecode.c.h; path = AppDelegate.h; sourceTree = "<group>"; };
		4A5BF8AB19FFF4C40049AD9F /* AppDelegate.m */ = {isa = PBXFileReference; lastKnownFileType = sourcecode.c.objc; path = AppDelegate.m; sourceTree = "<group>"; };
		4A5BF8B319FFF4C40049AD9F /* Images.xcassets */ = {isa = PBXFileReference; lastKnownFileType = folder.assetcatalog; path = Images.xcassets; sourceTree = "<group>"; };
		4A5BF8B619FFF4C40049AD9F /* Base */ = {isa = PBXFileReference; lastKnownFileType = file.xib; name = Base; path = Base.lproj/LaunchScreen.xib; sourceTree = "<group>"; };
		4A5BF8BC19FFF4C40049AD9F /* TwitterTests.xctest */ = {isa = PBXFileReference; explicitFileType = wrapper.cfbundle; includeInIndex = 0; path = TwitterTests.xctest; sourceTree = BUILT_PRODUCTS_DIR; };
		4A5BF8C119FFF4C40049AD9F /* Info.plist */ = {isa = PBXFileReference; lastKnownFileType = text.plist.xml; path = Info.plist; sourceTree = "<group>"; };
		4A5BF8C219FFF4C40049AD9F /* TwitterTests.m */ = {isa = PBXFileReference; lastKnownFileType = sourcecode.c.objc; path = TwitterTests.m; sourceTree = "<group>"; };
		4A5BF8CC19FFF7220049AD9F /* LoginViewController.h */ = {isa = PBXFileReference; fileEncoding = 4; lastKnownFileType = sourcecode.c.h; path = LoginViewController.h; sourceTree = "<group>"; };
		4A5BF8CD19FFF7220049AD9F /* LoginViewController.m */ = {isa = PBXFileReference; fileEncoding = 4; lastKnownFileType = sourcecode.c.objc; path = LoginViewController.m; sourceTree = "<group>"; };
		4A5BF8CE19FFF7220049AD9F /* LoginViewController.xib */ = {isa = PBXFileReference; fileEncoding = 4; lastKnownFileType = file.xib; path = LoginViewController.xib; sourceTree = "<group>"; };
		4A5BF8D119FFF8380049AD9F /* TwitterClient.h */ = {isa = PBXFileReference; fileEncoding = 4; lastKnownFileType = sourcecode.c.h; path = TwitterClient.h; sourceTree = "<group>"; };
		4A5BF8D219FFF8380049AD9F /* TwitterClient.m */ = {isa = PBXFileReference; fileEncoding = 4; lastKnownFileType = sourcecode.c.objc; path = TwitterClient.m; sourceTree = "<group>"; };
		4A5BF8D81A0012CE0049AD9F /* Story.h */ = {isa = PBXFileReference; fileEncoding = 4; lastKnownFileType = sourcecode.c.h; path = Story.h; sourceTree = "<group>"; };
		4A5BF8D91A0012CE0049AD9F /* Story.m */ = {isa = PBXFileReference; fileEncoding = 4; lastKnownFileType = sourcecode.c.objc; path = Story.m; sourceTree = "<group>"; };
		4A5CDAF31A03FE32009E88D2 /* favorite_hover.png */ = {isa = PBXFileReference; lastKnownFileType = image.png; name = favorite_hover.png; path = Assets/favorite_hover.png; sourceTree = SOURCE_ROOT; };
		4A5CDAF41A03FE32009E88D2 /* favorite_on.png */ = {isa = PBXFileReference; lastKnownFileType = image.png; name = favorite_on.png; path = Assets/favorite_on.png; sourceTree = SOURCE_ROOT; };
		4A5CDAF81A03FE32009E88D2 /* retweet_hover.png */ = {isa = PBXFileReference; lastKnownFileType = image.png; name = retweet_hover.png; path = Assets/retweet_hover.png; sourceTree = SOURCE_ROOT; };
		4A5CDAF91A03FE32009E88D2 /* retweet_on.png */ = {isa = PBXFileReference; lastKnownFileType = image.png; name = retweet_on.png; path = Assets/retweet_on.png; sourceTree = SOURCE_ROOT; };
		4A5CDAFA1A03FE32009E88D2 /* retweet.png */ = {isa = PBXFileReference; lastKnownFileType = image.png; name = retweet.png; path = Assets/retweet.png; sourceTree = SOURCE_ROOT; };
		4A5CDB041A040D22009E88D2 /* StoryViewController.h */ = {isa = PBXFileReference; fileEncoding = 4; lastKnownFileType = sourcecode.c.h; path = StoryViewController.h; sourceTree = "<group>"; };
		4A5CDB051A040D22009E88D2 /* StoryViewController.m */ = {isa = PBXFileReference; fileEncoding = 4; lastKnownFileType = sourcecode.c.objc; path = StoryViewController.m; sourceTree = "<group>"; };
		4A5CDB061A040D22009E88D2 /* StoryViewController.xib */ = {isa = PBXFileReference; fileEncoding = 4; lastKnownFileType = file.xib; path = StoryViewController.xib; sourceTree = "<group>"; };
		4AD5E81F1A01B53600CE7F35 /* Person.h */ = {isa = PBXFileReference; fileEncoding = 4; lastKnownFileType = sourcecode.c.h; path = Person.h; sourceTree = "<group>"; };
		4AD5E8201A01B53600CE7F35 /* Person.m */ = {isa = PBXFileReference; fileEncoding = 4; lastKnownFileType = sourcecode.c.objc; path = Person.m; sourceTree = "<group>"; };
		4AD5E8251A02EE3F00CE7F35 /* HomeViewController.h */ = {isa = PBXFileReference; fileEncoding = 4; lastKnownFileType = sourcecode.c.h; path = HomeViewController.h; sourceTree = "<group>"; };
		4AD5E8261A02EE3F00CE7F35 /* HomeViewController.m */ = {isa = PBXFileReference; fileEncoding = 4; lastKnownFileType = sourcecode.c.objc; path = HomeViewController.m; sourceTree = "<group>"; };
		4AD5E8271A02EE3F00CE7F35 /* HomeViewController.xib */ = {isa = PBXFileReference; fileEncoding = 4; lastKnownFileType = file.xib; path = HomeViewController.xib; sourceTree = "<group>"; };
		4AD5E82A1A02FE1F00CE7F35 /* StoryCell.h */ = {isa = PBXFileReference; fileEncoding = 4; lastKnownFileType = sourcecode.c.h; path = StoryCell.h; sourceTree = "<group>"; };
		4AD5E82B1A02FE1F00CE7F35 /* StoryCell.m */ = {isa = PBXFileReference; fileEncoding = 4; lastKnownFileType = sourcecode.c.objc; path = StoryCell.m; sourceTree = "<group>"; };
		4AD5E82C1A02FE1F00CE7F35 /* StoryCell.xib */ = {isa = PBXFileReference; fileEncoding = 4; lastKnownFileType = file.xib; path = StoryCell.xib; sourceTree = "<group>"; };
		4AFAE9441A10A8ED00F6AFDA /* reply_hover.png */ = {isa = PBXFileReference; lastKnownFileType = image.png; path = reply_hover.png; sourceTree = "<group>"; };
		4AFAE9451A10A8ED00F6AFDA /* reply.png */ = {isa = PBXFileReference; lastKnownFileType = image.png; path = reply.png; sourceTree = "<group>"; };
		B71070C7C2A986ED12C5AE87 /* Pods.debug.xcconfig */ = {isa = PBXFileReference; includeInIndex = 1; lastKnownFileType = text.xcconfig; name = Pods.debug.xcconfig; path = "Pods/Target Support Files/Pods/Pods.debug.xcconfig"; sourceTree = "<group>"; };
		E6C19C79939359596F5B704D /* Pods.release.xcconfig */ = {isa = PBXFileReference; includeInIndex = 1; lastKnownFileType = text.xcconfig; name = Pods.release.xcconfig; path = "Pods/Target Support Files/Pods/Pods.release.xcconfig"; sourceTree = "<group>"; };
		FDF314B46309CEDDF834F666 /* libPods.a */ = {isa = PBXFileReference; explicitFileType = archive.ar; includeInIndex = 0; path = libPods.a; sourceTree = BUILT_PRODUCTS_DIR; };
/* End PBXFileReference section */

/* Begin PBXFrameworksBuildPhase section */
		4A5BF8A019FFF4C40049AD9F /* Frameworks */ = {
			isa = PBXFrameworksBuildPhase;
			buildActionMask = 2147483647;
			files = (
				B2DA0AC56516A7FDEA55E0ED /* libPods.a in Frameworks */,
			);
			runOnlyForDeploymentPostprocessing = 0;
		};
		4A5BF8B919FFF4C40049AD9F /* Frameworks */ = {
			isa = PBXFrameworksBuildPhase;
			buildActionMask = 2147483647;
			files = (
			);
			runOnlyForDeploymentPostprocessing = 0;
		};
/* End PBXFrameworksBuildPhase section */

/* Begin PBXGroup section */
		0C6E714C9D8484234A1D1C46 /* Frameworks */ = {
			isa = PBXGroup;
			children = (
				FDF314B46309CEDDF834F666 /* libPods.a */,
			);
			name = Frameworks;
			sourceTree = "<group>";
		};
		4A5BF89A19FFF4C40049AD9F = {
			isa = PBXGroup;
			children = (
				4A5BF8A519FFF4C40049AD9F /* Twitter */,
				4A5BF8BF19FFF4C40049AD9F /* TwitterTests */,
				4A5BF8A419FFF4C40049AD9F /* Products */,
				62B4112F08B7CE7975959EE2 /* Pods */,
				0C6E714C9D8484234A1D1C46 /* Frameworks */,
			);
			sourceTree = "<group>";
		};
		4A5BF8A419FFF4C40049AD9F /* Products */ = {
			isa = PBXGroup;
			children = (
				4A5BF8A319FFF4C40049AD9F /* Twitter.app */,
				4A5BF8BC19FFF4C40049AD9F /* TwitterTests.xctest */,
			);
			name = Products;
			sourceTree = "<group>";
		};
		4A5BF8A519FFF4C40049AD9F /* Twitter */ = {
			isa = PBXGroup;
			children = (
				4A5CDAF21A03FE23009E88D2 /* Assets */,
				4A5BF8D41A0012930049AD9F /* Models */,
				4A5CDB031A040CEB009E88D2 /* View Controllers */,
				4AB5F5FB1A018591005F486A /* Views */,
				4A5BF8AA19FFF4C40049AD9F /* AppDelegate.h */,
				4A5BF8AB19FFF4C40049AD9F /* AppDelegate.m */,
				4A5BF8B319FFF4C40049AD9F /* Images.xcassets */,
				4A5BF8B519FFF4C40049AD9F /* LaunchScreen.xib */,
				4A5BF8A619FFF4C40049AD9F /* Supporting Files */,
				4A5BF8D119FFF8380049AD9F /* TwitterClient.h */,
				4A5BF8D219FFF8380049AD9F /* TwitterClient.m */,
			);
			path = Twitter;
			sourceTree = "<group>";
		};
		4A5BF8A619FFF4C40049AD9F /* Supporting Files */ = {
			isa = PBXGroup;
			children = (
				4A5BF8A719FFF4C40049AD9F /* Info.plist */,
				4A5BF8A819FFF4C40049AD9F /* main.m */,
			);
			name = "Supporting Files";
			sourceTree = "<group>";
		};
		4A5BF8BF19FFF4C40049AD9F /* TwitterTests */ = {
			isa = PBXGroup;
			children = (
				4A5BF8C219FFF4C40049AD9F /* TwitterTests.m */,
				4A5BF8C019FFF4C40049AD9F /* Supporting Files */,
			);
			path = TwitterTests;
			sourceTree = "<group>";
		};
		4A5BF8C019FFF4C40049AD9F /* Supporting Files */ = {
			isa = PBXGroup;
			children = (
				4A5BF8C119FFF4C40049AD9F /* Info.plist */,
			);
			name = "Supporting Files";
			sourceTree = "<group>";
		};
		4A5BF8D41A0012930049AD9F /* Models */ = {
			isa = PBXGroup;
			children = (
				4A5BF8D81A0012CE0049AD9F /* Story.h */,
				4A5BF8D91A0012CE0049AD9F /* Story.m */,
				4AD5E81F1A01B53600CE7F35 /* Person.h */,
				4AD5E8201A01B53600CE7F35 /* Person.m */,
			);
			name = Models;
			sourceTree = "<group>";
		};
		4A5CDAF21A03FE23009E88D2 /* Assets */ = {
			isa = PBXGroup;
			children = (
				4A5CDAF31A03FE32009E88D2 /* favorite_hover.png */,
				4A562C0B1A0C5A3400BD4B0A /* home.png */,
				4A562C201A0D36D200BD4B0A /* mentions.png */,
				4A5CDAF41A03FE32009E88D2 /* favorite_on.png */,
				4A562C0D1A0C5A4100BD4B0A /* profile_hover.png */,
				4A562C0E1A0C5A4100BD4B0A /* profile.png */,
				4A562C111A0C5A4100BD4B0A /* tweet_hover.png */,
				4AFAE9441A10A8ED00F6AFDA /* reply_hover.png */,
				4AFAE9451A10A8ED00F6AFDA /* reply.png */,
				4A562C121A0C5A4100BD4B0A /* tweet.png */,
				4A5CDAF81A03FE32009E88D2 /* retweet_hover.png */,
				4A5CDAF91A03FE32009E88D2 /* retweet_on.png */,
				4A5CDAFA1A03FE32009E88D2 /* retweet.png */,
			);
			name = Assets;
			sourceTree = "<group>";
		};
		4A5CDB031A040CEB009E88D2 /* View Controllers */ = {
			isa = PBXGroup;
			children = (
				4A5BF8CC19FFF7220049AD9F /* LoginViewController.h */,
				4A5BF8CD19FFF7220049AD9F /* LoginViewController.m */,
				4A5BF8CE19FFF7220049AD9F /* LoginViewController.xib */,
				4AD5E8251A02EE3F00CE7F35 /* HomeViewController.h */,
				4AD5E8261A02EE3F00CE7F35 /* HomeViewController.m */,
				4AD5E8271A02EE3F00CE7F35 /* HomeViewController.xib */,
				4A5CDB041A040D22009E88D2 /* StoryViewController.h */,
				4A5CDB051A040D22009E88D2 /* StoryViewController.m */,
				4A5CDB061A040D22009E88D2 /* StoryViewController.xib */,
				4A49E2101A0466050098AF06 /* ComposerViewController.h */,
				4A49E2111A0466050098AF06 /* ComposerViewController.m */,
				4A49E2121A0466050098AF06 /* ComposerViewController.xib */,
				4A0C60101A09C5E400B31139 /* ProfileViewController.h */,
				4A0C60111A09C5E400B31139 /* ProfileViewController.m */,
				4A0C60121A09C5E400B31139 /* ProfileViewController.xib */,
				4A562C061A0AF73500BD4B0A /* NavigationViewController.h */,
				4A562C071A0AF73500BD4B0A /* NavigationViewController.m */,
				4A562C081A0AF73500BD4B0A /* NavigationViewController.xib */,
			);
			name = "View Controllers";
			sourceTree = "<group>";
		};
		4AB5F5FB1A018591005F486A /* Views */ = {
			isa = PBXGroup;
			children = (
				4AD5E82A1A02FE1F00CE7F35 /* StoryCell.h */,
				4AD5E82B1A02FE1F00CE7F35 /* StoryCell.m */,
				4AD5E82C1A02FE1F00CE7F35 /* StoryCell.xib */,
				4A49E2151A0946FC0098AF06 /* PersonViewController.h */,
				4A49E2161A0946FC0098AF06 /* PersonViewController.m */,
				4A49E2171A0946FC0098AF06 /* PersonViewController.xib */,
				4A562C1B1A0D333D00BD4B0A /* NavigationViewCell.h */,
				4A562C1C1A0D333D00BD4B0A /* NavigationViewCell.m */,
				4A562C1D1A0D333D00BD4B0A /* NavigationViewCell.xib */,
			);
			name = Views;
			sourceTree = "<group>";
		};
		62B4112F08B7CE7975959EE2 /* Pods */ = {
			isa = PBXGroup;
			children = (
				B71070C7C2A986ED12C5AE87 /* Pods.debug.xcconfig */,
				E6C19C79939359596F5B704D /* Pods.release.xcconfig */,
			);
			name = Pods;
			sourceTree = "<group>";
		};
/* End PBXGroup section */

/* Begin PBXNativeTarget section */
		4A5BF8A219FFF4C40049AD9F /* Twitter */ = {
			isa = PBXNativeTarget;
			buildConfigurationList = 4A5BF8C619FFF4C40049AD9F /* Build configuration list for PBXNativeTarget "Twitter" */;
			buildPhases = (
				4BDED60394EFAC11D86790F9 /* Check Pods Manifest.lock */,
				4A5BF89F19FFF4C40049AD9F /* Sources */,
				4A5BF8A019FFF4C40049AD9F /* Frameworks */,
				4A5BF8A119FFF4C40049AD9F /* Resources */,
				37E9E13EAC84191D328C68AB /* Copy Pods Resources */,
			);
			buildRules = (
			);
			dependencies = (
			);
			name = Twitter;
			productName = Twitter;
			productReference = 4A5BF8A319FFF4C40049AD9F /* Twitter.app */;
			productType = "com.apple.product-type.application";
		};
		4A5BF8BB19FFF4C40049AD9F /* TwitterTests */ = {
			isa = PBXNativeTarget;
			buildConfigurationList = 4A5BF8C919FFF4C40049AD9F /* Build configuration list for PBXNativeTarget "TwitterTests" */;
			buildPhases = (
				4A5BF8B819FFF4C40049AD9F /* Sources */,
				4A5BF8B919FFF4C40049AD9F /* Frameworks */,
				4A5BF8BA19FFF4C40049AD9F /* Resources */,
			);
			buildRules = (
			);
			dependencies = (
				4A5BF8BE19FFF4C40049AD9F /* PBXTargetDependency */,
			);
			name = TwitterTests;
			productName = TwitterTests;
			productReference = 4A5BF8BC19FFF4C40049AD9F /* TwitterTests.xctest */;
			productType = "com.apple.product-type.bundle.unit-test";
		};
/* End PBXNativeTarget section */

/* Begin PBXProject section */
		4A5BF89B19FFF4C40049AD9F /* Project object */ = {
			isa = PBXProject;
			attributes = {
				LastUpgradeCheck = 0600;
				ORGANIZATIONNAME = oksanaut;
				TargetAttributes = {
					4A5BF8A219FFF4C40049AD9F = {
						CreatedOnToolsVersion = 6.0.1;
					};
					4A5BF8BB19FFF4C40049AD9F = {
						CreatedOnToolsVersion = 6.0.1;
						TestTargetID = 4A5BF8A219FFF4C40049AD9F;
					};
				};
			};
			buildConfigurationList = 4A5BF89E19FFF4C40049AD9F /* Build configuration list for PBXProject "Twitter" */;
			compatibilityVersion = "Xcode 3.2";
			developmentRegion = English;
			hasScannedForEncodings = 0;
			knownRegions = (
				en,
				Base,
			);
			mainGroup = 4A5BF89A19FFF4C40049AD9F;
			productRefGroup = 4A5BF8A419FFF4C40049AD9F /* Products */;
			projectDirPath = "";
			projectRoot = "";
			targets = (
				4A5BF8A219FFF4C40049AD9F /* Twitter */,
				4A5BF8BB19FFF4C40049AD9F /* TwitterTests */,
			);
		};
/* End PBXProject section */

/* Begin PBXResourcesBuildPhase section */
		4A5BF8A119FFF4C40049AD9F /* Resources */ = {
			isa = PBXResourcesBuildPhase;
			buildActionMask = 2147483647;
			files = (
				4A5CDB081A040D22009E88D2 /* StoryViewController.xib in Resources */,
				4A562C1F1A0D333D00BD4B0A /* NavigationViewCell.xib in Resources */,
				4A5CDAFC1A03FE32009E88D2 /* favorite_on.png in Resources */,
				4A5CDB011A03FE32009E88D2 /* retweet_on.png in Resources */,
				4A5CDB021A03FE32009E88D2 /* retweet.png in Resources */,
				4A562C0A1A0AF73500BD4B0A /* NavigationViewController.xib in Resources */,
				4A5BF8B719FFF4C40049AD9F /* LaunchScreen.xib in Resources */,
				4A5BF8B419FFF4C40049AD9F /* Images.xcassets in Resources */,
				4A562C131A0C5A4100BD4B0A /* profile_hover.png in Resources */,
				4A5CDAFB1A03FE32009E88D2 /* favorite_hover.png in Resources */,
				4A5CDB001A03FE32009E88D2 /* retweet_hover.png in Resources */,
				4AFAE9461A10A8ED00F6AFDA /* reply_hover.png in Resources */,
				4A5BF8D019FFF7220049AD9F /* LoginViewController.xib in Resources */,
				4A562C181A0C5A4100BD4B0A /* tweet.png in Resources */,
				4A562C141A0C5A4100BD4B0A /* profile.png in Resources */,
				4A562C211A0D36D200BD4B0A /* mentions.png in Resources */,
				4AFAE9471A10A8ED00F6AFDA /* reply.png in Resources */,
				4A562C0C1A0C5A3400BD4B0A /* home.png in Resources */,
				4AD5E8291A02EE3F00CE7F35 /* HomeViewController.xib in Resources */,
				4A49E2141A0466050098AF06 /* ComposerViewController.xib in Resources */,
				4AD5E82E1A02FE1F00CE7F35 /* StoryCell.xib in Resources */,
				4A0C60141A09C5E400B31139 /* ProfileViewController.xib in Resources */,
				4A562C171A0C5A4100BD4B0A /* tweet_hover.png in Resources */,
				4A49E2191A0946FC0098AF06 /* PersonViewController.xib in Resources */,
			);
			runOnlyForDeploymentPostprocessing = 0;
		};
		4A5BF8BA19FFF4C40049AD9F /* Resources */ = {
			isa = PBXResourcesBuildPhase;
			buildActionMask = 2147483647;
			files = (
			);
			runOnlyForDeploymentPostprocessing = 0;
		};
/* End PBXResourcesBuildPhase section */

/* Begin PBXShellScriptBuildPhase section */
		37E9E13EAC84191D328C68AB /* Copy Pods Resources */ = {
			isa = PBXShellScriptBuildPhase;
			buildActionMask = 2147483647;
			files = (
			);
			inputPaths = (
			);
			name = "Copy Pods Resources";
			outputPaths = (
			);
			runOnlyForDeploymentPostprocessing = 0;
			shellPath = /bin/sh;
			shellScript = "\"${SRCROOT}/Pods/Target Support Files/Pods/Pods-resources.sh\"\n";
			showEnvVarsInLog = 0;
		};
		4BDED60394EFAC11D86790F9 /* Check Pods Manifest.lock */ = {
			isa = PBXShellScriptBuildPhase;
			buildActionMask = 2147483647;
			files = (
			);
			inputPaths = (
			);
			name = "Check Pods Manifest.lock";
			outputPaths = (
			);
			runOnlyForDeploymentPostprocessing = 0;
			shellPath = /bin/sh;
			shellScript = "diff \"${PODS_ROOT}/../Podfile.lock\" \"${PODS_ROOT}/Manifest.lock\" > /dev/null\nif [[ $? != 0 ]] ; then\n    cat << EOM\nerror: The sandbox is not in sync with the Podfile.lock. Run 'pod install' or update your CocoaPods installation.\nEOM\n    exit 1\nfi\n";
			showEnvVarsInLog = 0;
		};
/* End PBXShellScriptBuildPhase section */

/* Begin PBXSourcesBuildPhase section */
		4A5BF89F19FFF4C40049AD9F /* Sources */ = {
			isa = PBXSourcesBuildPhase;
			buildActionMask = 2147483647;
			files = (
				4A49E2181A0946FC0098AF06 /* PersonViewController.m in Sources */,
				4A5BF8D319FFF8380049AD9F /* TwitterClient.m in Sources */,
				4A5CDB071A040D22009E88D2 /* StoryViewController.m in Sources */,
				4AD5E8211A01B53600CE7F35 /* Person.m in Sources */,
				4A5BF8AC19FFF4C40049AD9F /* AppDelegate.m in Sources */,
				4A5BF8DA1A0012CE0049AD9F /* Story.m in Sources */,
				4AD5E82D1A02FE1F00CE7F35 /* StoryCell.m in Sources */,
				4A562C091A0AF73500BD4B0A /* NavigationViewController.m in Sources */,
				4A5BF8A919FFF4C40049AD9F /* main.m in Sources */,
				4A5BF8CF19FFF7220049AD9F /* LoginViewController.m in Sources */,
				4A562C1E1A0D333D00BD4B0A /* NavigationViewCell.m in Sources */,
				4A49E2131A0466050098AF06 /* ComposerViewController.m in Sources */,
				4A0C60131A09C5E400B31139 /* ProfileViewController.m in Sources */,
				4AD5E8281A02EE3F00CE7F35 /* HomeViewController.m in Sources */,
			);
			runOnlyForDeploymentPostprocessing = 0;
		};
		4A5BF8B819FFF4C40049AD9F /* Sources */ = {
			isa = PBXSourcesBuildPhase;
			buildActionMask = 2147483647;
			files = (
				4A5BF8C319FFF4C40049AD9F /* TwitterTests.m in Sources */,
			);
			runOnlyForDeploymentPostprocessing = 0;
		};
/* End PBXSourcesBuildPhase section */

/* Begin PBXTargetDependency section */
		4A5BF8BE19FFF4C40049AD9F /* PBXTargetDependency */ = {
			isa = PBXTargetDependency;
			target = 4A5BF8A219FFF4C40049AD9F /* Twitter */;
			targetProxy = 4A5BF8BD19FFF4C40049AD9F /* PBXContainerItemProxy */;
		};
/* End PBXTargetDependency section */

/* Begin PBXVariantGroup section */
		4A5BF8B519FFF4C40049AD9F /* LaunchScreen.xib */ = {
			isa = PBXVariantGroup;
			children = (
				4A5BF8B619FFF4C40049AD9F /* Base */,
			);
			name = LaunchScreen.xib;
			sourceTree = "<group>";
		};
/* End PBXVariantGroup section */

/* Begin XCBuildConfiguration section */
		4A5BF8C419FFF4C40049AD9F /* Debug */ = {
			isa = XCBuildConfiguration;
			buildSettings = {
				ALWAYS_SEARCH_USER_PATHS = NO;
				CLANG_CXX_LANGUAGE_STANDARD = "gnu++0x";
				CLANG_CXX_LIBRARY = "libc++";
				CLANG_ENABLE_MODULES = YES;
				CLANG_ENABLE_OBJC_ARC = YES;
				CLANG_WARN_BOOL_CONVERSION = YES;
				CLANG_WARN_CONSTANT_CONVERSION = YES;
				CLANG_WARN_DIRECT_OBJC_ISA_USAGE = YES_ERROR;
				CLANG_WARN_EMPTY_BODY = YES;
				CLANG_WARN_ENUM_CONVERSION = YES;
				CLANG_WARN_INT_CONVERSION = YES;
				CLANG_WARN_OBJC_ROOT_CLASS = YES_ERROR;
				CLANG_WARN_UNREACHABLE_CODE = YES;
				CLANG_WARN__DUPLICATE_METHOD_MATCH = YES;
				"CODE_SIGN_IDENTITY[sdk=iphoneos*]" = "iPhone Developer";
				COPY_PHASE_STRIP = NO;
				ENABLE_STRICT_OBJC_MSGSEND = YES;
				GCC_C_LANGUAGE_STANDARD = gnu99;
				GCC_DYNAMIC_NO_PIC = NO;
				GCC_OPTIMIZATION_LEVEL = 0;
				GCC_PREPROCESSOR_DEFINITIONS = (
					"DEBUG=1",
					"$(inherited)",
				);
				GCC_SYMBOLS_PRIVATE_EXTERN = NO;
				GCC_WARN_64_TO_32_BIT_CONVERSION = YES;
				GCC_WARN_ABOUT_RETURN_TYPE = YES_ERROR;
				GCC_WARN_UNDECLARED_SELECTOR = YES;
				GCC_WARN_UNINITIALIZED_AUTOS = YES_AGGRESSIVE;
				GCC_WARN_UNUSED_FUNCTION = YES;
				GCC_WARN_UNUSED_VARIABLE = YES;
				IPHONEOS_DEPLOYMENT_TARGET = 8.0;
				MTL_ENABLE_DEBUG_INFO = YES;
				ONLY_ACTIVE_ARCH = YES;
				SDKROOT = iphoneos;
			};
			name = Debug;
		};
		4A5BF8C519FFF4C40049AD9F /* Release */ = {
			isa = XCBuildConfiguration;
			buildSettings = {
				ALWAYS_SEARCH_USER_PATHS = NO;
				CLANG_CXX_LANGUAGE_STANDARD = "gnu++0x";
				CLANG_CXX_LIBRARY = "libc++";
				CLANG_ENABLE_MODULES = YES;
				CLANG_ENABLE_OBJC_ARC = YES;
				CLANG_WARN_BOOL_CONVERSION = YES;
				CLANG_WARN_CONSTANT_CONVERSION = YES;
				CLANG_WARN_DIRECT_OBJC_ISA_USAGE = YES_ERROR;
				CLANG_WARN_EMPTY_BODY = YES;
				CLANG_WARN_ENUM_CONVERSION = YES;
				CLANG_WARN_INT_CONVERSION = YES;
				CLANG_WARN_OBJC_ROOT_CLASS = YES_ERROR;
				CLANG_WARN_UNREACHABLE_CODE = YES;
				CLANG_WARN__DUPLICATE_METHOD_MATCH = YES;
				"CODE_SIGN_IDENTITY[sdk=iphoneos*]" = "iPhone Developer";
				COPY_PHASE_STRIP = YES;
				ENABLE_NS_ASSERTIONS = NO;
				ENABLE_STRICT_OBJC_MSGSEND = YES;
				GCC_C_LANGUAGE_STANDARD = gnu99;
				GCC_WARN_64_TO_32_BIT_CONVERSION = YES;
				GCC_WARN_ABOUT_RETURN_TYPE = YES_ERROR;
				GCC_WARN_UNDECLARED_SELECTOR = YES;
				GCC_WARN_UNINITIALIZED_AUTOS = YES_AGGRESSIVE;
				GCC_WARN_UNUSED_FUNCTION = YES;
				GCC_WARN_UNUSED_VARIABLE = YES;
				IPHONEOS_DEPLOYMENT_TARGET = 8.0;
				MTL_ENABLE_DEBUG_INFO = NO;
				SDKROOT = iphoneos;
				VALIDATE_PRODUCT = YES;
			};
			name = Release;
		};
		4A5BF8C719FFF4C40049AD9F /* Debug */ = {
			isa = XCBuildConfiguration;
			baseConfigurationReference = B71070C7C2A986ED12C5AE87 /* Pods.debug.xcconfig */;
			buildSettings = {
				ASSETCATALOG_COMPILER_APPICON_NAME = AppIcon;
				INFOPLIST_FILE = Twitter/Info.plist;
				LD_RUNPATH_SEARCH_PATHS = "$(inherited) @executable_path/Frameworks";
				PRODUCT_NAME = "$(TARGET_NAME)";
			};
			name = Debug;
		};
		4A5BF8C819FFF4C40049AD9F /* Release */ = {
			isa = XCBuildConfiguration;
			baseConfigurationReference = E6C19C79939359596F5B704D /* Pods.release.xcconfig */;
			buildSettings = {
				ASSETCATALOG_COMPILER_APPICON_NAME = AppIcon;
				INFOPLIST_FILE = Twitter/Info.plist;
				LD_RUNPATH_SEARCH_PATHS = "$(inherited) @executable_path/Frameworks";
				PRODUCT_NAME = "$(TARGET_NAME)";
			};
			name = Release;
		};
		4A5BF8CA19FFF4C40049AD9F /* Debug */ = {
			isa = XCBuildConfiguration;
			buildSettings = {
				BUNDLE_LOADER = "$(TEST_HOST)";
				FRAMEWORK_SEARCH_PATHS = (
					"$(SDKROOT)/Developer/Library/Frameworks",
					"$(inherited)",
				);
				GCC_PREPROCESSOR_DEFINITIONS = (
					"DEBUG=1",
					"$(inherited)",
				);
				INFOPLIST_FILE = TwitterTests/Info.plist;
				LD_RUNPATH_SEARCH_PATHS = "$(inherited) @executable_path/Frameworks @loader_path/Frameworks";
				PRODUCT_NAME = "$(TARGET_NAME)";
				TEST_HOST = "$(BUILT_PRODUCTS_DIR)/Twitter.app/Twitter";
			};
			name = Debug;
		};
		4A5BF8CB19FFF4C40049AD9F /* Release */ = {
			isa = XCBuildConfiguration;
			buildSettings = {
				BUNDLE_LOADER = "$(TEST_HOST)";
				FRAMEWORK_SEARCH_PATHS = (
					"$(SDKROOT)/Developer/Library/Frameworks",
					"$(inherited)",
				);
				INFOPLIST_FILE = TwitterTests/Info.plist;
				LD_RUNPATH_SEARCH_PATHS = "$(inherited) @executable_path/Frameworks @loader_path/Frameworks";
				PRODUCT_NAME = "$(TARGET_NAME)";
				TEST_HOST = "$(BUILT_PRODUCTS_DIR)/Twitter.app/Twitter";
			};
			name = Release;
		};
/* End XCBuildConfiguration section */

/* Begin XCConfigurationList section */
		4A5BF89E19FFF4C40049AD9F /* Build configuration list for PBXProject "Twitter" */ = {
			isa = XCConfigurationList;
			buildConfigurations = (
				4A5BF8C419FFF4C40049AD9F /* Debug */,
				4A5BF8C519FFF4C40049AD9F /* Release */,
			);
			defaultConfigurationIsVisible = 0;
			defaultConfigurationName = Release;
		};
		4A5BF8C619FFF4C40049AD9F /* Build configuration list for PBXNativeTarget "Twitter" */ = {
			isa = XCConfigurationList;
			buildConfigurations = (
				4A5BF8C719FFF4C40049AD9F /* Debug */,
				4A5BF8C819FFF4C40049AD9F /* Release */,
			);
			defaultConfigurationIsVisible = 0;
			defaultConfigurationName = Release;
		};
		4A5BF8C919FFF4C40049AD9F /* Build configuration list for PBXNativeTarget "TwitterTests" */ = {
			isa = XCConfigurationList;
			buildConfigurations = (
				4A5BF8CA19FFF4C40049AD9F /* Debug */,
				4A5BF8CB19FFF4C40049AD9F /* Release */,
			);
			defaultConfigurationIsVisible = 0;
			defaultConfigurationName = Release;
		};
/* End XCConfigurationList section */
	};
	rootObject = 4A5BF89B19FFF4C40049AD9F /* Project object */;
}
